{
  "originHash" : "fe5dd08882d08507f16493adf883e323b1dd5a821ac629f6777702bda6b2ba4e",
  "pins" : [
    {
      "identity" : "ios-maps-sdk",
      "kind" : "remoteSourceControl",
      "location" : "https://github.com/googlemaps/ios-maps-sdk",
      "state" : {
        "revision" : "037b29b55ee9ac4d93b6a686b292e75ba4c50fe5",
        "version" : "10.10.0"
      }
    }
  ],
  "version" : 3
}
